
Microsoft Visual Studio Solution File, Format Version 12.00
# Visual Studio Version 17
VisualStudioVersion = 17.4.33213.308
MinimumVisualStudioVersion = 10.0.40219.1
Project("{FAE04EC0-301F-11D3-BF4B-00C04F79EFBC}") = "kazuscara", "kazuscara.csproj", "{B1614FE7-81D8-4A47-8112-CFE923212CE6}"
EndProject
Global
	GlobalSection(SolutionConfigurationPlatforms) = preSolution
		Debug|Any CPU = Debug|Any CPU
		Release|Any CPU = Release|Any CPU
	EndGlobalSection
	GlobalSection(ProjectConfigurationPlatforms) = postSolution
		{B1614FE7-81D8-4A47-8112-CFE923212CE6}.Debug|Any CPU.ActiveCfg = Debug|Any CPU
		{B1614FE7-81D8-4A47-8112-CFE923212CE6}.Debug|Any CPU.Build.0 = Debug|Any CPU
		{B1614FE7-81D8-4A47-8112-CFE923212CE6}.Release|Any CPU.ActiveCfg = Release|Any CPU
		{B1614FE7-81D8-4A47-8112-CFE923212CE6}.Release|Any CPU.Build.0 = Release|Any CPU
	EndGlobalSection
	GlobalSection(SolutionProperties) = preSolution
		HideSolutionNode = FALSE
	EndGlobalSection
	GlobalSection(ExtensibilityGlobals) = postSolution
		SolutionGuid = {948BB6AE-49C2-47E5-AF69-A036CCD61EA6}
	EndGlobalSection
EndGlobal
